// !$*UTF8*$!
{
	archiveVersion = 1;
	classes = {
	};
	objectVersion = 56;
	objects = {

/* Begin PBXBuildFile section */
		6F2239F02984452300467AF5 /* WeatherTableViewCell.swift in Sources */ = {isa = PBXBuildFile; fileRef = 6F2239EF2984452300467AF5 /* WeatherTableViewCell.swift */; };
		6F22BAC62986AAEE009B797A /* CityWeatherViewModel.swift in Sources */ = {isa = PBXBuildFile; fileRef = 6F22BAC52986AAEE009B797A /* CityWeatherViewModel.swift */; };
		6F22BAC82986AB3B009B797A /* WebserviceCityWeather.swift in Sources */ = {isa = PBXBuildFile; fileRef = 6F22BAC72986AB3B009B797A /* WebserviceCityWeather.swift */; };
		6F22BACA2986ABEC009B797A /* CityWeather.swift in Sources */ = {isa = PBXBuildFile; fileRef = 6F22BAC92986ABEC009B797A /* CityWeather.swift */; };
		6F3D9FB42983EFA1009CD1D7 /* SearchCitiesVC.swift in Sources */ = {isa = PBXBuildFile; fileRef = 6F3D9FB32983EFA1009CD1D7 /* SearchCitiesVC.swift */; };
		6F3F2921298476E700489976 /* SearchTableViewCell.swift in Sources */ = {isa = PBXBuildFile; fileRef = 6F3F2920298476E700489976 /* SearchTableViewCell.swift */; };
		6F5B9D2F2985951400E4C32B /* SearchCity.swift in Sources */ = {isa = PBXBuildFile; fileRef = 6F5B9D2E2985951400E4C32B /* SearchCity.swift */; };
		6F5B9D312985961E00E4C32B /* WebserviceSearchCity.swift in Sources */ = {isa = PBXBuildFile; fileRef = 6F5B9D302985961E00E4C32B /* WebserviceSearchCity.swift */; };
		6F5B9D332985D5EF00E4C32B /* SearchCityViewModel.swift in Sources */ = {isa = PBXBuildFile; fileRef = 6F5B9D322985D5EF00E4C32B /* SearchCityViewModel.swift */; };
		6FE0CBC729832D9200B77F68 /* AppDelegate.swift in Sources */ = {isa = PBXBuildFile; fileRef = 6FE0CBC629832D9200B77F68 /* AppDelegate.swift */; };
		6FE0CBC929832D9200B77F68 /* SceneDelegate.swift in Sources */ = {isa = PBXBuildFile; fileRef = 6FE0CBC829832D9200B77F68 /* SceneDelegate.swift */; };
		6FE0CBCB29832D9200B77F68 /* DailyForecastsVC.swift in Sources */ = {isa = PBXBuildFile; fileRef = 6FE0CBCA29832D9200B77F68 /* DailyForecastsVC.swift */; };
		6FE0CBCE29832D9200B77F68 /* Main.storyboard in Resources */ = {isa = PBXBuildFile; fileRef = 6FE0CBCC29832D9200B77F68 /* Main.storyboard */; };
		6FE0CBD029832D9300B77F68 /* Assets.xcassets in Resources */ = {isa = PBXBuildFile; fileRef = 6FE0CBCF29832D9300B77F68 /* Assets.xcassets */; };
		6FE0CBD329832D9300B77F68 /* LaunchScreen.storyboard in Resources */ = {isa = PBXBuildFile; fileRef = 6FE0CBD129832D9300B77F68 /* LaunchScreen.storyboard */; };
/* End PBXBuildFile section */

/* Begin PBXFileReference section */
		6F2239EF2984452300467AF5 /* WeatherTableViewCell.swift */ = {isa = PBXFileReference; lastKnownFileType = sourcecode.swift; path = WeatherTableViewCell.swift; sourceTree = "<group>"; };
		6F22BAC52986AAEE009B797A /* CityWeatherViewModel.swift */ = {isa = PBXFileReference; lastKnownFileType = sourcecode.swift; path = CityWeatherViewModel.swift; sourceTree = "<group>"; };
		6F22BAC72986AB3B009B797A /* WebserviceCityWeather.swift */ = {isa = PBXFileReference; lastKnownFileType = sourcecode.swift; path = WebserviceCityWeather.swift; sourceTree = "<group>"; };
		6F22BAC92986ABEC009B797A /* CityWeather.swift */ = {isa = PBXFileReference; lastKnownFileType = sourcecode.swift; path = CityWeather.swift; sourceTree = "<group>"; };
		6F3D9FB32983EFA1009CD1D7 /* SearchCitiesVC.swift */ = {isa = PBXFileReference; lastKnownFileType = sourcecode.swift; path = SearchCitiesVC.swift; sourceTree = "<group>"; };
		6F3F2920298476E700489976 /* SearchTableViewCell.swift */ = {isa = PBXFileReference; lastKnownFileType = sourcecode.swift; path = SearchTableViewCell.swift; sourceTree = "<group>"; };
		6F5B9D2E2985951400E4C32B /* SearchCity.swift */ = {isa = PBXFileReference; lastKnownFileType = sourcecode.swift; path = SearchCity.swift; sourceTree = "<group>"; };
		6F5B9D302985961E00E4C32B /* WebserviceSearchCity.swift */ = {isa = PBXFileReference; lastKnownFileType = sourcecode.swift; path = WebserviceSearchCity.swift; sourceTree = "<group>"; };
		6F5B9D322985D5EF00E4C32B /* SearchCityViewModel.swift */ = {isa = PBXFileReference; lastKnownFileType = sourcecode.swift; path = SearchCityViewModel.swift; sourceTree = "<group>"; };
		6FE0CBC329832D9200B77F68 /* AccuWeatherApp.app */ = {isa = PBXFileReference; explicitFileType = wrapper.application; includeInIndex = 0; path = AccuWeatherApp.app; sourceTree = BUILT_PRODUCTS_DIR; };
		6FE0CBC629832D9200B77F68 /* AppDelegate.swift */ = {isa = PBXFileReference; lastKnownFileType = sourcecode.swift; path = AppDelegate.swift; sourceTree = "<group>"; };
		6FE0CBC829832D9200B77F68 /* SceneDelegate.swift */ = {isa = PBXFileReference; lastKnownFileType = sourcecode.swift; path = SceneDelegate.swift; sourceTree = "<group>"; };
		6FE0CBCA29832D9200B77F68 /* DailyForecastsVC.swift */ = {isa = PBXFileReference; lastKnownFileType = sourcecode.swift; path = DailyForecastsVC.swift; sourceTree = "<group>"; };
		6FE0CBCD29832D9200B77F68 /* Base */ = {isa = PBXFileReference; lastKnownFileType = file.storyboard; name = Base; path = Base.lproj/Main.storyboard; sourceTree = "<group>"; };
		6FE0CBCF29832D9300B77F68 /* Assets.xcassets */ = {isa = PBXFileReference; lastKnownFileType = folder.assetcatalog; path = Assets.xcassets; sourceTree = "<group>"; };
		6FE0CBD229832D9300B77F68 /* Base */ = {isa = PBXFileReference; lastKnownFileType = file.storyboard; name = Base; path = Base.lproj/LaunchScreen.storyboard; sourceTree = "<group>"; };
		6FE0CBD429832D9300B77F68 /* Info.plist */ = {isa = PBXFileReference; lastKnownFileType = text.plist.xml; path = Info.plist; sourceTree = "<group>"; };
/* End PBXFileReference section */

/* Begin PBXFrameworksBuildPhase section */
		6FE0CBC029832D9200B77F68 /* Frameworks */ = {
			isa = PBXFrameworksBuildPhase;
			buildActionMask = 2147483647;
			files = (
			);
			runOnlyForDeploymentPostprocessing = 0;
		};
/* End PBXFrameworksBuildPhase section */

/* Begin PBXGroup section */
		6F5B9D2A2985947200E4C32B /* Model */ = {
			isa = PBXGroup;
			children = (
				6F5B9D2E2985951400E4C32B /* SearchCity.swift */,
				6F22BAC92986ABEC009B797A /* CityWeather.swift */,
			);
			path = Model;
			sourceTree = "<group>";
		};
		6F5B9D2B2985947E00E4C32B /* ViewModel */ = {
			isa = PBXGroup;
			children = (
				6F22BAC52986AAEE009B797A /* CityWeatherViewModel.swift */,
				6F5B9D322985D5EF00E4C32B /* SearchCityViewModel.swift */,
			);
			path = ViewModel;
			sourceTree = "<group>";
		};
		6F5B9D2C2985948F00E4C32B /* Service */ = {
			isa = PBXGroup;
			children = (
				6F5B9D302985961E00E4C32B /* WebserviceSearchCity.swift */,
				6F22BAC72986AB3B009B797A /* WebserviceCityWeather.swift */,
			);
			path = Service;
			sourceTree = "<group>";
		};
		6F5B9D2D2985949A00E4C32B /* View */ = {
			isa = PBXGroup;
			children = (
				6FE0CBC629832D9200B77F68 /* AppDelegate.swift */,
				6FE0CBC829832D9200B77F68 /* SceneDelegate.swift */,
				6F3F2920298476E700489976 /* SearchTableViewCell.swift */,
				6F2239EF2984452300467AF5 /* WeatherTableViewCell.swift */,
				6FE0CBCA29832D9200B77F68 /* DailyForecastsVC.swift */,
				6F3D9FB32983EFA1009CD1D7 /* SearchCitiesVC.swift */,
			);
			path = View;
			sourceTree = "<group>";
		};
		6FE0CBBA29832D9200B77F68 = {
			isa = PBXGroup;
			children = (
				6FE0CBC529832D9200B77F68 /* AccuWeatherApp */,
				6FE0CBC429832D9200B77F68 /* Products */,
			);
			sourceTree = "<group>";
		};
		6FE0CBC429832D9200B77F68 /* Products */ = {
			isa = PBXGroup;
			children = (
				6FE0CBC329832D9200B77F68 /* AccuWeatherApp.app */,
			);
			name = Products;
			sourceTree = "<group>";
		};
		6FE0CBC529832D9200B77F68 /* AccuWeatherApp */ = {
			isa = PBXGroup;
			children = (
				6F5B9D2C2985948F00E4C32B /* Service */,
				6F5B9D2B2985947E00E4C32B /* ViewModel */,
				6F5B9D2A2985947200E4C32B /* Model */,
				6F5B9D2D2985949A00E4C32B /* View */,
				6FE0CBCC29832D9200B77F68 /* Main.storyboard */,
				6FE0CBCF29832D9300B77F68 /* Assets.xcassets */,
				6FE0CBD129832D9300B77F68 /* LaunchScreen.storyboard */,
				6FE0CBD429832D9300B77F68 /* Info.plist */,
			);
			path = AccuWeatherApp;
			sourceTree = SOURCE_ROOT;
		};
/* End PBXGroup section */

/* Begin PBXNativeTarget section */
		6FE0CBC229832D9200B77F68 /* AccuWeatherApp */ = {
			isa = PBXNativeTarget;
			buildConfigurationList = 6FE0CBD729832D9300B77F68 /* Build configuration list for PBXNativeTarget "AccuWeatherApp" */;
			buildPhases = (
				6FE0CBBF29832D9200B77F68 /* Sources */,
				6FE0CBC029832D9200B77F68 /* Frameworks */,
				6FE0CBC129832D9200B77F68 /* Resources */,
			);
			buildRules = (
			);
			dependencies = (
			);
			name = AccuWeatherApp;
			productName = AccuWeatherApp;
			productReference = 6FE0CBC329832D9200B77F68 /* AccuWeatherApp.app */;
			productType = "com.apple.product-type.application";
		};
/* End PBXNativeTarget section */

/* Begin PBXProject section */
		6FE0CBBB29832D9200B77F68 /* Project object */ = {
			isa = PBXProject;
			attributes = {
				BuildIndependentTargetsInParallel = 1;
				LastSwiftUpdateCheck = 1420;
				LastUpgradeCheck = 1420;
				TargetAttributes = {
					6FE0CBC229832D9200B77F68 = {
						CreatedOnToolsVersion = 14.2;
					};
				};
			};
			buildConfigurationList = 6FE0CBBE29832D9200B77F68 /* Build configuration list for PBXProject "AccuWeatherApp" */;
			compatibilityVersion = "Xcode 14.0";
			developmentRegion = en;
			hasScannedForEncodings = 0;
			knownRegions = (
				en,
				Base,
			);
			mainGroup = 6FE0CBBA29832D9200B77F68;
			productRefGroup = 6FE0CBC429832D9200B77F68 /* Products */;
			projectDirPath = "";
			projectRoot = "";
			targets = (
				6FE0CBC229832D9200B77F68 /* AccuWeatherApp */,
			);
		};
/* End PBXProject section */

/* Begin PBXResourcesBuildPhase section */
		6FE0CBC129832D9200B77F68 /* Resources */ = {
			isa = PBXResourcesBuildPhase;
			buildActionMask = 2147483647;
			files = (
				6FE0CBD329832D9300B77F68 /* LaunchScreen.storyboard in Resources */,
				6FE0CBD029832D9300B77F68 /* Assets.xcassets in Resources */,
				6FE0CBCE29832D9200B77F68 /* Main.storyboard in Resources */,
			);
			runOnlyForDeploymentPostprocessing = 0;
		};
/* End PBXResourcesBuildPhase section */

/* Begin PBXSourcesBuildPhase section */
		6FE0CBBF29832D9200B77F68 /* Sources */ = {
			isa = PBXSourcesBuildPhase;
			buildActionMask = 2147483647;
			files = (
				6F2239F02984452300467AF5 /* WeatherTableViewCell.swift in Sources */,
				6F5B9D332985D5EF00E4C32B /* SearchCityViewModel.swift in Sources */,
				6F22BAC62986AAEE009B797A /* CityWeatherViewModel.swift in Sources */,
				6F3D9FB42983EFA1009CD1D7 /* SearchCitiesVC.swift in Sources */,
				6F5B9D312985961E00E4C32B /* WebserviceSearchCity.swift in Sources */,
				6FE0CBCB29832D9200B77F68 /* DailyForecastsVC.swift in Sources */,
				6F22BAC82986AB3B009B797A /* WebserviceCityWeather.swift in Sources */,
				6F5B9D2F2985951400E4C32B /* SearchCity.swift in Sources */,
				6F3F2921298476E700489976 /* SearchTableViewCell.swift in Sources */,
				6F22BACA2986ABEC009B797A /* CityWeather.swift in Sources */,
				6FE0CBC729832D9200B77F68 /* AppDelegate.swift in Sources */,
				6FE0CBC929832D9200B77F68 /* SceneDelegate.swift in Sources */,
			);
			runOnlyForDeploymentPostprocessing = 0;
		};
/* End PBXSourcesBuildPhase section */

/* Begin PBXVariantGroup section */
		6FE0CBCC29832D9200B77F68 /* Main.storyboard */ = {
			isa = PBXVariantGroup;
			children = (
				6FE0CBCD29832D9200B77F68 /* Base */,
			);
			name = Main.storyboard;
			sourceTree = "<group>";
		};
		6FE0CBD129832D9300B77F68 /* LaunchScreen.storyboard */ = {
			isa = PBXVariantGroup;
			children = (
				6FE0CBD229832D9300B77F68 /* Base */,
			);
			name = LaunchScreen.storyboard;
			sourceTree = "<group>";
		};
/* End PBXVariantGroup section */

/* Begin XCBuildConfiguration section */
		6FE0CBD529832D9300B77F68 /* Debug */ = {
			isa = XCBuildConfiguration;
			buildSettings = {
				ALWAYS_SEARCH_USER_PATHS = NO;
				CLANG_ANALYZER_NONNULL = YES;
				CLANG_ANALYZER_NUMBER_OBJECT_CONVERSION = YES_AGGRESSIVE;
				CLANG_CXX_LANGUAGE_STANDARD = "gnu++20";
				CLANG_ENABLE_MODULES = YES;
				CLANG_ENABLE_OBJC_ARC = YES;
				CLANG_ENABLE_OBJC_WEAK = YES;
				CLANG_WARN_BLOCK_CAPTURE_AUTORELEASING = YES;
				CLANG_WARN_BOOL_CONVERSION = YES;
				CLANG_WARN_COMMA = YES;
				CLANG_WARN_CONSTANT_CONVERSION = YES;
				CLANG_WARN_DEPRECATED_OBJC_IMPLEMENTATIONS = YES;
				CLANG_WARN_DIRECT_OBJC_ISA_USAGE = YES_ERROR;
				CLANG_WARN_DOCUMENTATION_COMMENTS = YES;
				CLANG_WARN_EMPTY_BODY = YES;
				CLANG_WARN_ENUM_CONVERSION = YES;
				CLANG_WARN_INFINITE_RECURSION = YES;
				CLANG_WARN_INT_CONVERSION = YES;
				CLANG_WARN_NON_LITERAL_NULL_CONVERSION = YES;
				CLANG_WARN_OBJC_IMPLICIT_RETAIN_SELF = YES;
				CLANG_WARN_OBJC_LITERAL_CONVERSION = YES;
				CLANG_WARN_OBJC_ROOT_CLASS = YES_ERROR;
				CLANG_WARN_QUOTED_INCLUDE_IN_FRAMEWORK_HEADER = YES;
				CLANG_WARN_RANGE_LOOP_ANALYSIS = YES;
				CLANG_WARN_STRICT_PROTOTYPES = YES;
				CLANG_WARN_SUSPICIOUS_MOVE = YES;
				CLANG_WARN_UNGUARDED_AVAILABILITY = YES_AGGRESSIVE;
				CLANG_WARN_UNREACHABLE_CODE = YES;
				CLANG_WARN__DUPLICATE_METHOD_MATCH = YES;
				COPY_PHASE_STRIP = NO;
				DEBUG_INFORMATION_FORMAT = dwarf;
				ENABLE_STRICT_OBJC_MSGSEND = YES;
				ENABLE_TESTABILITY = YES;
				GCC_C_LANGUAGE_STANDARD = gnu11;
				GCC_DYNAMIC_NO_PIC = NO;
				GCC_NO_COMMON_BLOCKS = YES;
				GCC_OPTIMIZATION_LEVEL = 0;
				GCC_PREPROCESSOR_DEFINITIONS = (
					"DEBUG=1",
					"$(inherited)",
				);
				GCC_WARN_64_TO_32_BIT_CONVERSION = YES;
				GCC_WARN_ABOUT_RETURN_TYPE = YES_ERROR;
				GCC_WARN_UNDECLARED_SELECTOR = YES;
				GCC_WARN_UNINITIALIZED_AUTOS = YES_AGGRESSIVE;
				GCC_WARN_UNUSED_FUNCTION = YES;
				GCC_WARN_UNUSED_VARIABLE = YES;
				IPHONEOS_DEPLOYMENT_TARGET = 16.2;
				MTL_ENABLE_DEBUG_INFO = INCLUDE_SOURCE;
				MTL_FAST_MATH = YES;
				ONLY_ACTIVE_ARCH = YES;
				SDKROOT = iphoneos;
				SWIFT_ACTIVE_COMPILATION_CONDITIONS = DEBUG;
				SWIFT_OPTIMIZATION_LEVEL = "-Onone";
			};
			name = Debug;
		};
		6FE0CBD629832D9300B77F68 /* Release */ = {
			isa = XCBuildConfiguration;
			buildSettings = {
				ALWAYS_SEARCH_USER_PATHS = NO;
				CLANG_ANALYZER_NONNULL = YES;
				CLANG_ANALYZER_NUMBER_OBJECT_CONVERSION = YES_AGGRESSIVE;
				CLANG_CXX_LANGUAGE_STANDARD = "gnu++20";
				CLANG_ENABLE_MODULES = YES;
				CLANG_ENABLE_OBJC_ARC = YES;
				CLANG_ENABLE_OBJC_WEAK = YES;
				CLANG_WARN_BLOCK_CAPTURE_AUTORELEASING = YES;
				CLANG_WARN_BOOL_CONVERSION = YES;
				CLANG_WARN_COMMA = YES;
				CLANG_WARN_CONSTANT_CONVERSION = YES;
				CLANG_WARN_DEPRECATED_OBJC_IMPLEMENTATIONS = YES;
				CLANG_WARN_DIRECT_OBJC_ISA_USAGE = YES_ERROR;
				CLANG_WARN_DOCUMENTATION_COMMENTS = YES;
				CLANG_WARN_EMPTY_BODY = YES;
				CLANG_WARN_ENUM_CONVERSION = YES;
				CLANG_WARN_INFINITE_RECURSION = YES;
				CLANG_WARN_INT_CONVERSION = YES;
				CLANG_WARN_NON_LITERAL_NULL_CONVERSION = YES;
				CLANG_WARN_OBJC_IMPLICIT_RETAIN_SELF = YES;
				CLANG_WARN_OBJC_LITERAL_CONVERSION = YES;
				CLANG_WARN_OBJC_ROOT_CLASS = YES_ERROR;
				CLANG_WARN_QUOTED_INCLUDE_IN_FRAMEWORK_HEADER = YES;
				CLANG_WARN_RANGE_LOOP_ANALYSIS = YES;
				CLANG_WARN_STRICT_PROTOTYPES = YES;
				CLANG_WARN_SUSPICIOUS_MOVE = YES;
				CLANG_WARN_UNGUARDED_AVAILABILITY = YES_AGGRESSIVE;
				CLANG_WARN_UNREACHABLE_CODE = YES;
				CLANG_WARN__DUPLICATE_METHOD_MATCH = YES;
				COPY_PHASE_STRIP = NO;
				DEBUG_INFORMATION_FORMAT = "dwarf-with-dsym";
				ENABLE_NS_ASSERTIONS = NO;
				ENABLE_STRICT_OBJC_MSGSEND = YES;
				GCC_C_LANGUAGE_STANDARD = gnu11;
				GCC_NO_COMMON_BLOCKS = YES;
				GCC_WARN_64_TO_32_BIT_CONVERSION = YES;
				GCC_WARN_ABOUT_RETURN_TYPE = YES_ERROR;
				GCC_WARN_UNDECLARED_SELECTOR = YES;
				GCC_WARN_UNINITIALIZED_AUTOS = YES_AGGRESSIVE;
				GCC_WARN_UNUSED_FUNCTION = YES;
				GCC_WARN_UNUSED_VARIABLE = YES;
				IPHONEOS_DEPLOYMENT_TARGET = 16.2;
				MTL_ENABLE_DEBUG_INFO = NO;
				MTL_FAST_MATH = YES;
				SDKROOT = iphoneos;
				SWIFT_COMPILATION_MODE = wholemodule;
				SWIFT_OPTIMIZATION_LEVEL = "-O";
				VALIDATE_PRODUCT = YES;
			};
			name = Release;
		};
		6FE0CBD829832D9300B77F68 /* Debug */ = {
			isa = XCBuildConfiguration;
			buildSettings = {
				ASSETCATALOG_COMPILER_APPICON_NAME = AppIcon;
				ASSETCATALOG_COMPILER_GLOBAL_ACCENT_COLOR_NAME = AccentColor;
				CODE_SIGN_STYLE = Automatic;
				CURRENT_PROJECT_VERSION = 1;
				DEVELOPMENT_TEAM = 59ZQ34BG45;
				GENERATE_INFOPLIST_FILE = YES;
				INFOPLIST_FILE = AccuWeatherApp/Info.plist;
				INFOPLIST_KEY_UIApplicationSupportsIndirectInputEvents = YES;
				INFOPLIST_KEY_UILaunchStoryboardName = LaunchScreen;
				INFOPLIST_KEY_UIMainStoryboardFile = Main;
				INFOPLIST_KEY_UIStatusBarStyle = UIStatusBarStyleLightContent;
				INFOPLIST_KEY_UISupportedInterfaceOrientations_iPad = "UIInterfaceOrientationPortrait UIInterfaceOrientationPortraitUpsideDown UIInterfaceOrientationLandscapeLeft UIInterfaceOrientationLandscapeRight";
				INFOPLIST_KEY_UISupportedInterfaceOrientations_iPhone = "UIInterfaceOrientationPortrait UIInterfaceOrientationLandscapeLeft UIInterfaceOrientationLandscapeRight";
				IPHONEOS_DEPLOYMENT_TARGET = 14.0;
				LD_RUNPATH_SEARCH_PATHS = (
					"$(inherited)",
					"@executable_path/Frameworks",
				);
				MARKETING_VERSION = 1.0;
				PRODUCT_BUNDLE_IDENTIFIER = com.fsk.AccuWeatherApp;
				PRODUCT_NAME = "$(TARGET_NAME)";
				SWIFT_EMIT_LOC_STRINGS = YES;
				SWIFT_VERSION = 5.0;
				TARGETED_DEVICE_FAMILY = "1,2";
			};
			name = Debug;
		};
		6FE0CBD929832D9300B77F68 /* Release */ = {
			isa = XCBuildConfiguration;
			buildSettings = {
				ASSETCATALOG_COMPILER_APPICON_NAME = AppIcon;
				ASSETCATALOG_COMPILER_GLOBAL_ACCENT_COLOR_NAME = AccentColor;
				CODE_SIGN_STYLE = Automatic;
				CURRENT_PROJECT_VERSION = 1;
				DEVELOPMENT_TEAM = 59ZQ34BG45;
				GENERATE_INFOPLIST_FILE = YES;
				INFOPLIST_FILE = AccuWeatherApp/Info.plist;
				INFOPLIST_KEY_UIApplicationSupportsIndirectInputEvents = YES;
				INFOPLIST_KEY_UILaunchStoryboardName = LaunchScreen;
				INFOPLIST_KEY_UIMainStoryboardFile = Main;
				INFOPLIST_KEY_UIStatusBarStyle = UIStatusBarStyleLightContent;
				INFOPLIST_KEY_UISupportedInterfaceOrientations_iPad = "UIInterfaceOrientationPortrait UIInterfaceOrientationPortraitUpsideDown UIInterfaceOrientationLandscapeLeft UIInterfaceOrientationLandscapeRight";
				INFOPLIST_KEY_UISupportedInterfaceOrientations_iPhone = "UIInterfaceOrientationPortrait UIInterfaceOrientationLandscapeLeft UIInterfaceOrientationLandscapeRight";
				IPHONEOS_DEPLOYMENT_TARGET = 14.0;
				LD_RUNPATH_SEARCH_PATHS = (
					"$(inherited)",
					"@executable_path/Frameworks",
				);
				MARKETING_VERSION = 1.0;
				PRODUCT_BUNDLE_IDENTIFIER = com.fsk.AccuWeatherApp;
				PRODUCT_NAME = "$(TARGET_NAME)";
				SWIFT_EMIT_LOC_STRINGS = YES;
				SWIFT_VERSION = 5.0;
				TARGETED_DEVICE_FAMILY = "1,2";
			};
			name = Release;
		};
/* End XCBuildConfiguration section */

/* Begin XCConfigurationList section */
		6FE0CBBE29832D9200B77F68 /* Build configuration list for PBXProject "AccuWeatherApp" */ = {
			isa = XCConfigurationList;
			buildConfigurations = (
				6FE0CBD529832D9300B77F68 /* Debug */,
				6FE0CBD629832D9300B77F68 /* Release */,
			);
			defaultConfigurationIsVisible = 0;
			defaultConfigurationName = Release;
		};
		6FE0CBD729832D9300B77F68 /* Build configuration list for PBXNativeTarget "AccuWeatherApp" */ = {
			isa = XCConfigurationList;
			buildConfigurations = (
				6FE0CBD829832D9300B77F68 /* Debug */,
				6FE0CBD929832D9300B77F68 /* Release */,
			);
			defaultConfigurationIsVisible = 0;
			defaultConfigurationName = Release;
		};
/* End XCConfigurationList section */
	};
	rootObject = 6FE0CBBB29832D9200B77F68 /* Project object */;
}
